{
    "version": 3,
    "terraform_version": "0.7.13",
    "serial": 10,
    "lineage": "8c1ed7b7-a3e2-4f15-9e7b-e2f8d78646ae",
    "modules": [
        {
            "path": [
                "root"
            ],
            "outputs": {},
            "resources": {
                "aws_elb_attachment.updaterng_elb_instance_attachment": {
                    "type": "aws_elb_attachment",
                    "depends_on": [
                        "aws_instance.example",
                        "module.updaterng"
                    ],
                    "primary": {
                        "id": "updaterng-global-ext-201612271450575070954873gn",
                        "attributes": {
                            "elb": "updaterng-global-ext",
                            "id": "updaterng-global-ext-201612271450575070954873gn",
                            "instance": "i-037c7d5d5d2b22421"
                        },
                        "meta": {},
                        "tainted": false
                    },
                    "deposed": [],
                    "provider": ""
                },
                "aws_instance.example": {
                    "type": "aws_instance",
                    "depends_on": [
                        "aws_security_group.ext_ssh",
                        "module.updaterng",
                        "module.updaterng"
                    ],
                    "primary": {
                        "id": "i-037c7d5d5d2b22421",
                        "attributes": {
                            "ami": "ami-fce3c696",
                            "associate_public_ip_address": "true",
                            "availability_zone": "us-east-1a",
                            "disable_api_termination": "false",
                            "ebs_block_device.#": "0",
                            "ebs_optimized": "false",
                            "ephemeral_block_device.#": "0",
                            "iam_instance_profile": "app-updaterng-profile",
                            "id": "i-037c7d5d5d2b22421",
                            "instance_state": "running",
                            "instance_type": "t2.micro",
                            "key_name": "nick-test",
                            "monitoring": "false",
                            "network_interface_id": "eni-f285a61d",
                            "private_dns": "ip-10-0-0-90.ec2.internal",
                            "private_ip": "10.0.0.90",
                            "public_dns": "ec2-54-90-152-161.compute-1.amazonaws.com",
                            "public_ip": "54.90.152.161",
                            "root_block_device.#": "1",
                            "root_block_device.0.delete_on_termination": "true",
                            "root_block_device.0.iops": "100",
                            "root_block_device.0.volume_size": "8",
                            "root_block_device.0.volume_type": "gp2",
                            "security_groups.#": "0",
                            "source_dest_check": "true",
                            "subnet_id": "subnet-501f6019",
                            "tags.%": "0",
                            "tenancy": "default",
                            "vpc_security_group_ids.#": "2",
                            "vpc_security_group_ids.1517254850": "sg-c2aba2bf",
                            "vpc_security_group_ids.3072596166": "sg-c6d6e9bb"
                        },
                        "meta": {
                            "schema_version": "1"
                        },
                        "tainted": false
                    },
                    "deposed": [],
                    "provider": ""
                },
                "aws_key_pair.nick-test": {
                    "type": "aws_key_pair",
                    "depends_on": [],
                    "primary": {
                        "id": "nick-test",
                        "attributes": {
                            "fingerprint": "19:ae:37:1b:f9:d4:9f:df:46:39:2f:b7:55:ed:cf:88",
                            "id": "nick-test",
                            "key_name": "nick-test",
                            "public_key": "ssh-rsa AAAAB3NzaC1yc2EAAAADAQABAAACAQC08SakppvOXyTHn3J+7AyuF0OBKekkXuGXv9Ga2JfwUZ7JPhvEiC1wJUHhtiFkriA/aozSeGV7uwJOGLaJ5Xq9h14AMfpbJoDzaCs5WuEwQWUyFhtFxV1NxDcx4PsjdQLDkLwEhGRups+sFB4xA0tE3djKisgm9OuxWybFmYyPumfjyq2icC32nvlNlBYGvPmMN5PoXM72E/qBc79aR0MhbWCumsERgmkcFGcsvIsLiLmVsFgYh7jqyyOR5Zi27ofOJGqYMWN+Vq4IYbTzacV4Uf+9l+pkdOG5QilA9Nwno6b6ezb6H1IWYJkrk49yUelv28Lm24Ujwxb32eN4Z5L1kL7IJxH8cD02hf0UIJ5VXByzMULnbi/FbDLwKchNtO5WrS5ExNooJyB8EY1DIzQUKYVqb1cohvNo4HRQOsrKkgzi2w4ZEAVQ73+nIR9AdL2ygVkKMuMs93uzkI+2Wd/LlYv5/4ZWLl32o/cxNYiftnY2pJJo+lheyECPHMlM7W9+qiyIqW2cXGXe2tMJIxdg9afgg422KJQ6E4bKr7WMGW74/5YCImsb1ATPUmE7sjYlkxoJOxc/+JKLHrVp63wADv/3RpCp5jBhuHbaJjBcDA/TpWBFMDomgrtVsF95jz51oO9AstIR7/5MueQcL15XScaRxV8LWSKfdgMuZ+lDEQ== nick.stevens@smartthings.com"
                        },
                        "meta": {
                            "schema_version": "1"
                        },
                        "tainted": false
                    },
                    "deposed": [],
                    "provider": ""
                },
                "aws_s3_bucket.update_bucket": {
                    "type": "aws_s3_bucket",
                    "depends_on": [],
                    "primary": {
                        "id": "bitcurry-updaterng-sandbox",
                        "attributes": {
                            "acceleration_status": "",
                            "acl": "private",
                            "arn": "arn:aws:s3:::bitcurry-updaterng-sandbox",
                            "bucket": "bitcurry-updaterng-sandbox",
                            "force_destroy": "false",
                            "hosted_zone_id": "Z3AQBSTGFYJSTF",
                            "id": "bitcurry-updaterng-sandbox",
                            "region": "us-east-1",
                            "request_payer": "BucketOwner",
                            "tags.%": "1",
                            "tags.Name": "bitcurry-updaterng-sandbox",
                            "versioning.#": "1",
                            "versioning.2972667452.enabled": "false",
                            "website.#": "0"
                        },
                        "meta": {},
                        "tainted": false
                    },
                    "deposed": [],
                    "provider": ""
                },
                "aws_security_group.ext_ssh": {
                    "type": "aws_security_group",
                    "depends_on": [],
                    "primary": {
                        "id": "sg-c2aba2bf",
                        "attributes": {
                            "description": "updaterng SSH access",
                            "egress.#": "0",
                            "id": "sg-c2aba2bf",
                            "ingress.#": "1",
                            "ingress.2541437006.cidr_blocks.#": "1",
                            "ingress.2541437006.cidr_blocks.0": "0.0.0.0/0",
                            "ingress.2541437006.from_port": "22",
                            "ingress.2541437006.protocol": "tcp",
                            "ingress.2541437006.security_groups.#": "0",
                            "ingress.2541437006.self": "false",
                            "ingress.2541437006.to_port": "22",
                            "name": "ext-ssh",
                            "owner_id": "176959676258",
                            "tags.%": "0",
                            "vpc_id": "vpc-3ca9645a"
                        },
                        "meta": {},
                        "tainted": false
                    },
                    "deposed": [],
                    "provider": ""
                }
            },
            "depends_on": []
        },
        {
            "path": [
                "root",
                "updaterng"
            ],
            "outputs": {
                "elb_id": {
                    "sensitive": false,
                    "type": "string",
                    "value": "updaterng-global-ext"
                },
                "server_sg_id": {
                    "sensitive": false,
                    "type": "string",
                    "value": "sg-c6d6e9bb"
                },
                "updaterng_instance_profile": {
                    "sensitive": false,
                    "type": "string",
                    "value": "app-updaterng-profile"
                }
            },
            "resources": {
                "aws_elb.updaterng_ext": {
                    "type": "aws_elb",
                    "depends_on": [
                        "aws_security_group.updaterng_ext_lb"
                    ],
                    "primary": {
                        "id": "updaterng-global-ext",
                        "attributes": {
                            "access_logs.#": "0",
                            "availability_zones.#": "1",
                            "availability_zones.3569565595": "us-east-1a",
                            "connection_draining": "true",
                            "connection_draining_timeout": "300",
                            "cross_zone_load_balancing": "true",
                            "dns_name": "updaterng-global-ext-695125575.us-east-1.elb.amazonaws.com",
                            "health_check.#": "1",
                            "health_check.0.healthy_threshold": "3",
                            "health_check.0.interval": "10",
                            "health_check.0.target": "HTTP:11112/status",
                            "health_check.0.timeout": "5",
                            "health_check.0.unhealthy_threshold": "2",
                            "id": "updaterng-global-ext",
                            "idle_timeout": "60",
                            "instances.#": "1",
                            "instances.62253971": "i-037c7d5d5d2b22421",
                            "internal": "false",
                            "listener.#": "2",
                            "listener.322512296.instance_port": "11111",
                            "listener.322512296.instance_protocol": "tcp",
                            "listener.322512296.lb_port": "443",
                            "listener.322512296.lb_protocol": "ssl",
                            "listener.322512296.ssl_certificate_id": "arn:aws:acm:us-east-1:176959676258:certificate/690758e2-fb81-4fe3-bb54-662d6f8ff9a6",
                            "listener.3346701307.instance_port": "11111",
                            "listener.3346701307.instance_protocol": "tcp",
                            "listener.3346701307.lb_port": "11111",
                            "listener.3346701307.lb_protocol": "ssl",
                            "listener.3346701307.ssl_certificate_id": "arn:aws:acm:us-east-1:176959676258:certificate/690758e2-fb81-4fe3-bb54-662d6f8ff9a6",
                            "name": "updaterng-global-ext",
                            "security_groups.#": "1",
                            "security_groups.1710137878": "sg-d2d6e9af",
                            "source_security_group": "176959676258/updaterng-basic_vpc-ext",
                            "source_security_group_id": "sg-d2d6e9af",
                            "subnets.#": "1",
                            "subnets.2013570956": "subnet-501f6019",
                            "tags.%": "3",
                            "tags.Name": "updaterng-basic_vpc-ext",
                            "tags.billing": "none",
                            "tags.datadog_monitor": "0",
                            "zone_id": "Z35SXDOTRQ7X7K"
                        },
                        "meta": {},
                        "tainted": false
                    },
                    "deposed": [],
                    "provider": ""
                },
                "aws_iam_instance_profile.app_updaterng": {
                    "type": "aws_iam_instance_profile",
                    "depends_on": [
                        "aws_iam_role.app_updaterng"
                    ],
                    "primary": {
                        "id": "app-updaterng-profile",
                        "attributes": {
                            "arn": "arn:aws:iam::176959676258:instance-profile/app-updaterng-profile",
                            "id": "app-updaterng-profile",
                            "name": "app-updaterng-profile",
                            "path": "/",
                            "roles.#": "1",
                            "roles.1771631343": "app-updaterng"
                        },
                        "meta": {},
                        "tainted": false
                    },
                    "deposed": [],
                    "provider": ""
                },
                "aws_iam_role.app_updaterng": {
                    "type": "aws_iam_role",
                    "depends_on": [],
                    "primary": {
                        "id": "app-updaterng",
                        "attributes": {
                            "arn": "arn:aws:iam::176959676258:role/app-updaterng",
                            "assume_role_policy": "{\n    \"Version\": \"2012-10-17\",\n    \"Statement\": [ {\n        \"Action\": \"sts:AssumeRole\",\n        \"Principal\": {\n            \"Service\": \"ec2.amazonaws.com\"\n        },\n        \"Effect\": \"Allow\",\n        \"Sid\": \"\"\n    } ]\n}\n",
                            "create_date": "2016-12-27T14:48:11Z",
                            "id": "app-updaterng",
                            "name": "app-updaterng",
                            "path": "/",
                            "unique_id": "AROAJ3IXAID4RILZQO5ZE"
                        },
                        "meta": {},
                        "tainted": false
                    },
                    "deposed": [],
                    "provider": ""
                },
                "aws_iam_role_policy.app_updaterng_s3": {
                    "type": "aws_iam_role_policy",
                    "depends_on": [
                        "aws_iam_role.app_updaterng"
                    ],
                    "primary": {
                        "id": "app-updaterng:updaterng-s3-artifact-download",
                        "attributes": {
                            "id": "app-updaterng:updaterng-s3-artifact-download",
                            "name": "updaterng-s3-artifact-download",
                            "policy": "{\n    \"Version\": \"2012-10-17\",\n    \"Statement\": [ {\n        \"Effect\": \"Allow\",\n        \"Action\": [ \"s3:ListBucket\" ],\n        \"Resource\": [ \"arn:aws:s3:::smartthings-updaterng-sandbox\" ]\n    },\n    {\n        \"Effect\": \"Allow\",\n        \"Action\": [ \"s3:GetObject\" ],\n        \"Resource\": [ \"arn:aws:s3:::smartthings-updaterng-sandbox/*\" ]\n    } ]\n}\n",
                            "role": "app-updaterng"
                        },
                        "meta": {},
                        "tainted": false
                    },
                    "deposed": [],
                    "provider": ""
                },
                "aws_security_group.updaterng": {
                    "type": "aws_security_group",
                    "depends_on": [
                        "aws_security_group.updaterng_ext_lb"
                    ],
                    "primary": {
                        "id": "sg-c6d6e9bb",
                        "attributes": {
                            "description": "updaterng Instance Security Group",
                            "egress.#": "1",
                            "egress.482069346.cidr_blocks.#": "1",
                            "egress.482069346.cidr_blocks.0": "0.0.0.0/0",
                            "egress.482069346.from_port": "0",
                            "egress.482069346.prefix_list_ids.#": "0",
                            "egress.482069346.protocol": "-1",
                            "egress.482069346.security_groups.#": "0",
                            "egress.482069346.self": "false",
                            "egress.482069346.to_port": "0",
                            "id": "sg-c6d6e9bb",
                            "ingress.#": "2",
                            "ingress.3953880867.cidr_blocks.#": "0",
                            "ingress.3953880867.from_port": "11111",
                            "ingress.3953880867.protocol": "tcp",
                            "ingress.3953880867.security_groups.#": "1",
                            "ingress.3953880867.security_groups.1710137878": "sg-d2d6e9af",
                            "ingress.3953880867.self": "false",
                            "ingress.3953880867.to_port": "11111",
                            "ingress.4145341203.cidr_blocks.#": "0",
                            "ingress.4145341203.from_port": "11112",
                            "ingress.4145341203.protocol": "tcp",
                            "ingress.4145341203.security_groups.#": "1",
                            "ingress.4145341203.security_groups.1710137878": "sg-d2d6e9af",
                            "ingress.4145341203.self": "false",
                            "ingress.4145341203.to_port": "11112",
                            "name": "updaterng-basic_vpc",
                            "owner_id": "176959676258",
                            "tags.%": "1",
                            "tags.Name": "updaterng-basic_vpc",
                            "vpc_id": "vpc-3ca9645a"
                        },
                        "meta": {},
                        "tainted": false
                    },
                    "deposed": [],
                    "provider": ""
                },
                "aws_security_group.updaterng_ext_lb": {
                    "type": "aws_security_group",
                    "depends_on": [],
                    "primary": {
                        "id": "sg-d2d6e9af",
                        "attributes": {
                            "description": "updaterng ELB Security Group",
                            "egress.#": "1",
                            "egress.482069346.cidr_blocks.#": "1",
                            "egress.482069346.cidr_blocks.0": "0.0.0.0/0",
                            "egress.482069346.from_port": "0",
                            "egress.482069346.prefix_list_ids.#": "0",
                            "egress.482069346.protocol": "-1",
                            "egress.482069346.security_groups.#": "0",
                            "egress.482069346.self": "false",
                            "egress.482069346.to_port": "0",
                            "id": "sg-d2d6e9af",
                            "ingress.#": "2",
                            "ingress.2617001939.cidr_blocks.#": "1",
                            "ingress.2617001939.cidr_blocks.0": "0.0.0.0/0",
                            "ingress.2617001939.from_port": "443",
                            "ingress.2617001939.protocol": "tcp",
                            "ingress.2617001939.security_groups.#": "0",
                            "ingress.2617001939.self": "false",
                            "ingress.2617001939.to_port": "443",
                            "ingress.2675369671.cidr_blocks.#": "1",
                            "ingress.2675369671.cidr_blocks.0": "0.0.0.0/0",
                            "ingress.2675369671.from_port": "11111",
                            "ingress.2675369671.protocol": "tcp",
                            "ingress.2675369671.security_groups.#": "0",
                            "ingress.2675369671.self": "false",
                            "ingress.2675369671.to_port": "11111",
                            "name": "updaterng-basic_vpc-ext",
                            "owner_id": "176959676258",
                            "tags.%": "1",
                            "tags.Name": "updaterng-basic_vpc-ext",
                            "vpc_id": "vpc-3ca9645a"
                        },
                        "meta": {},
                        "tainted": false
                    },
                    "deposed": [],
                    "provider": ""
                }
            },
            "depends_on": []
        }
    ]
}
